
Microsoft Visual Studio Solution File, Format Version 12.00
# Visual Studio 2012
Project("{FAE04EC0-301F-11D3-BF4B-00C04F79EFBC}") = "RobotRampage", "RobotRampage\RobotRampage.csproj", "{B16F56D2-224A-4BCA-B538-0B66B7F5436B}"
EndProject
Project("{FAE04EC0-301F-11D3-BF4B-00C04F79EFBC}") = "Farseer Physics MonoGame", "Farseer Physics Engine 3.5\Farseer Physics MonoGame.csproj", "{0AAD36E3-51A5-4A07-AB60-5C8A66BD38B7}"
EndProject
Project("{FAE04EC0-301F-11D3-BF4B-00C04F79EFBC}") = "MediaPlayerHelper", "..\MediaPlayerHelper\MediaPlayerHelper.csproj", "{5BEB5D25-FB49-48BD-B534-3734DB43CD52}"
EndProject
Global
	GlobalSection(SolutionConfigurationPlatforms) = preSolution
		Debug|Any CPU = Debug|Any CPU
		Debug|Mixed Platforms = Debug|Mixed Platforms
		Debug|x86 = Debug|x86
		Release|Any CPU = Release|Any CPU
		Release|Mixed Platforms = Release|Mixed Platforms
		Release|x86 = Release|x86
	EndGlobalSection
	GlobalSection(ProjectConfigurationPlatforms) = postSolution
		{B16F56D2-224A-4BCA-B538-0B66B7F5436B}.Debug|Any CPU.ActiveCfg = Debug|x86
		{B16F56D2-224A-4BCA-B538-0B66B7F5436B}.Debug|Mixed Platforms.ActiveCfg = Debug|x86
		{B16F56D2-224A-4BCA-B538-0B66B7F5436B}.Debug|Mixed Platforms.Build.0 = Debug|x86
		{B16F56D2-224A-4BCA-B538-0B66B7F5436B}.Debug|x86.ActiveCfg = Debug|x86
		{B16F56D2-224A-4BCA-B538-0B66B7F5436B}.Debug|x86.Build.0 = Debug|x86
		{B16F56D2-224A-4BCA-B538-0B66B7F5436B}.Release|Any CPU.ActiveCfg = Release|x86
		{B16F56D2-224A-4BCA-B538-0B66B7F5436B}.Release|Mixed Platforms.ActiveCfg = Release|x86
		{B16F56D2-224A-4BCA-B538-0B66B7F5436B}.Release|Mixed Platforms.Build.0 = Release|x86
		{B16F56D2-224A-4BCA-B538-0B66B7F5436B}.Release|x86.ActiveCfg = Release|x86
		{B16F56D2-224A-4BCA-B538-0B66B7F5436B}.Release|x86.Build.0 = Release|x86
		{0AAD36E3-51A5-4A07-AB60-5C8A66BD38B7}.Debug|Any CPU.ActiveCfg = Debug|x86
		{0AAD36E3-51A5-4A07-AB60-5C8A66BD38B7}.Debug|Mixed Platforms.ActiveCfg = Debug|x86
		{0AAD36E3-51A5-4A07-AB60-5C8A66BD38B7}.Debug|Mixed Platforms.Build.0 = Debug|x86
		{0AAD36E3-51A5-4A07-AB60-5C8A66BD38B7}.Debug|x86.ActiveCfg = Debug|x86
		{0AAD36E3-51A5-4A07-AB60-5C8A66BD38B7}.Debug|x86.Build.0 = Debug|x86
		{0AAD36E3-51A5-4A07-AB60-5C8A66BD38B7}.Release|Any CPU.ActiveCfg = Release|x86
		{0AAD36E3-51A5-4A07-AB60-5C8A66BD38B7}.Release|Mixed Platforms.ActiveCfg = Release|x86
		{0AAD36E3-51A5-4A07-AB60-5C8A66BD38B7}.Release|Mixed Platforms.Build.0 = Release|x86
		{0AAD36E3-51A5-4A07-AB60-5C8A66BD38B7}.Release|x86.ActiveCfg = Release|x86
		{0AAD36E3-51A5-4A07-AB60-5C8A66BD38B7}.Release|x86.Build.0 = Release|x86
		{5BEB5D25-FB49-48BD-B534-3734DB43CD52}.Debug|Any CPU.ActiveCfg = Debug|Any CPU
		{5BEB5D25-FB49-48BD-B534-3734DB43CD52}.Debug|Any CPU.Build.0 = Debug|Any CPU
		{5BEB5D25-FB49-48BD-B534-3734DB43CD52}.Debug|Mixed Platforms.ActiveCfg = Debug|Any CPU
		{5BEB5D25-FB49-48BD-B534-3734DB43CD52}.Debug|Mixed Platforms.Build.0 = Debug|Any CPU
		{5BEB5D25-FB49-48BD-B534-3734DB43CD52}.Debug|x86.ActiveCfg = Debug|Any CPU
		{5BEB5D25-FB49-48BD-B534-3734DB43CD52}.Release|Any CPU.ActiveCfg = Release|Any CPU
		{5BEB5D25-FB49-48BD-B534-3734DB43CD52}.Release|Any CPU.Build.0 = Release|Any CPU
		{5BEB5D25-FB49-48BD-B534-3734DB43CD52}.Release|Mixed Platforms.ActiveCfg = Release|Any CPU
		{5BEB5D25-FB49-48BD-B534-3734DB43CD52}.Release|Mixed Platforms.Build.0 = Release|Any CPU
		{5BEB5D25-FB49-48BD-B534-3734DB43CD52}.Release|x86.ActiveCfg = Release|Any CPU
	EndGlobalSection
	GlobalSection(SolutionProperties) = preSolution
		HideSolutionNode = FALSE
	EndGlobalSection
EndGlobal
